
Microsoft Visual Studio Solution File, Format Version 12.00
# Visual Studio Version 17
VisualStudioVersion = 17.13.35913.81 d17.13
MinimumVisualStudioVersion = 10.0.40219.1
Project("{FAE04EC0-301F-11D3-BF4B-00C04F79EFBC}") = "Ipoteka", "Ipoteka.csproj", "{A15537EB-1EA1-49FF-9B39-E9BF78C0FCB0}"
EndProject
Global
	GlobalSection(SolutionConfigurationPlatforms) = preSolution
		Debug|Any CPU = Debug|Any CPU
		Release|Any CPU = Release|Any CPU
	EndGlobalSection
	GlobalSection(ProjectConfigurationPlatforms) = postSolution
		{A15537EB-1EA1-49FF-9B39-E9BF78C0FCB0}.Debug|Any CPU.ActiveCfg = Debug|Any CPU
		{A15537EB-1EA1-49FF-9B39-E9BF78C0FCB0}.Debug|Any CPU.Build.0 = Debug|Any CPU
		{A15537EB-1EA1-49FF-9B39-E9BF78C0FCB0}.Release|Any CPU.ActiveCfg = Release|Any CPU
		{A15537EB-1EA1-49FF-9B39-E9BF78C0FCB0}.Release|Any CPU.Build.0 = Release|Any CPU
	EndGlobalSection
	GlobalSection(SolutionProperties) = preSolution
		HideSolutionNode = FALSE
	EndGlobalSection
	GlobalSection(ExtensibilityGlobals) = postSolution
		SolutionGuid = {28BF8731-87EE-4E35-9C15-92DAAC2A9525}
	EndGlobalSection
EndGlobal
